
Microsoft Visual Studio Solution File, Format Version 12.00
# Visual Studio 15
VisualStudioVersion = 15.0.27703.2026
MinimumVisualStudioVersion = 10.0.40219.1
Project("{8BC9CEB8-8B4A-11D0-8D11-00A0C91BC942}") = "BankSystem", "BankSystem\BankSystem.vcxproj", "{EFB21918-F99A-476D-A092-01F28ACDD607}"
EndProject
Project("{54435603-DBB4-11D2-8724-00A0C9A8B90C}") = "BS_Setup", "BS_Setup\BS_Setup.vdproj", "{3CE0C6D0-2C43-4314-9C82-62A69169DC5B}"
EndProject
Global
	GlobalSection(SolutionConfigurationPlatforms) = preSolution
		Debug|x86 = Debug|x86
		Release|x86 = Release|x86
	EndGlobalSection
	GlobalSection(ProjectConfigurationPlatforms) = postSolution
		{EFB21918-F99A-476D-A092-01F28ACDD607}.Debug|x86.ActiveCfg = Debug|Win32
		{EFB21918-F99A-476D-A092-01F28ACDD607}.Debug|x86.Build.0 = Debug|Win32
		{EFB21918-F99A-476D-A092-01F28ACDD607}.Release|x86.ActiveCfg = Release|Win32
		{EFB21918-F99A-476D-A092-01F28ACDD607}.Release|x86.Build.0 = Release|Win32
		{3CE0C6D0-2C43-4314-9C82-62A69169DC5B}.Debug|x86.ActiveCfg = Debug
		{3CE0C6D0-2C43-4314-9C82-62A69169DC5B}.Debug|x86.Build.0 = Debug
		{3CE0C6D0-2C43-4314-9C82-62A69169DC5B}.Release|x86.ActiveCfg = Release
		{3CE0C6D0-2C43-4314-9C82-62A69169DC5B}.Release|x86.Build.0 = Release
	EndGlobalSection
	GlobalSection(SolutionProperties) = preSolution
		HideSolutionNode = FALSE
	EndGlobalSection
	GlobalSection(ExtensibilityGlobals) = postSolution
		SolutionGuid = {7DC93B70-9ACF-4B18-AE74-BCDE16E7F17D}
	EndGlobalSection
EndGlobal
