
Microsoft Visual Studio Solution File, Format Version 12.00
# Visual Studio 15
VisualStudioVersion = 15.0.27703.2026
MinimumVisualStudioVersion = 10.0.40219.1
Project("{8BC9CEB8-8B4A-11D0-8D11-00A0C91BC942}") = "BankSystem", "BankSystem\BankSystem.vcxproj", "{EFB21918-F99A-476D-A092-01F28ACDD607}"
EndProject
Global
	GlobalSection(SolutionConfigurationPlatforms) = preSolution
		Debug|Default = Debug|Default
		Debug|Win32 = Debug|Win32
		Release|Default = Release|Default
		Release|Win32 = Release|Win32
	EndGlobalSection
	GlobalSection(ProjectConfigurationPlatforms) = postSolution
		{EFB21918-F99A-476D-A092-01F28ACDD607}.Debug|Default.ActiveCfg = Debug|Win32
		{EFB21918-F99A-476D-A092-01F28ACDD607}.Debug|Win32.ActiveCfg = Debug|Win32
		{EFB21918-F99A-476D-A092-01F28ACDD607}.Debug|Win32.Build.0 = Debug|Win32
		{EFB21918-F99A-476D-A092-01F28ACDD607}.Release|Default.ActiveCfg = Release|Win32
		{EFB21918-F99A-476D-A092-01F28ACDD607}.Release|Win32.ActiveCfg = Release|Win32
		{EFB21918-F99A-476D-A092-01F28ACDD607}.Release|Win32.Build.0 = Release|Win32
	EndGlobalSection
	GlobalSection(SolutionProperties) = preSolution
		HideSolutionNode = FALSE
	EndGlobalSection
	GlobalSection(ExtensibilityGlobals) = postSolution
		SolutionGuid = {AB944447-4F64-462F-922E-22FE1BCA262E}
	EndGlobalSection
	GlobalSection(SolutionConfigurationPlatforms) = preSolution
		Debug|Default = Debug|Default
		Debug|Win32 = Debug|Win32
		Release|Default = Release|Default
		Release|Win32 = Release|Win32
	EndGlobalSection
	GlobalSection(SolutionConfigurationPlatforms) = preSolution
		Debug|Default = Debug|Default
		Debug|Win32 = Debug|Win32
		Release|Default = Release|Default
		Release|Win32 = Release|Win32
	EndGlobalSection
EndGlobal
